
Microsoft Visual Studio Solution File, Format Version 12.00
# Visual Studio 14
VisualStudioVersion = 14.0.25420.1
MinimumVisualStudioVersion = 10.0.40219.1
Project("{FAE04EC0-301F-11D3-BF4B-00C04F79EFBC}") = "Num0-9ToText", "Num0-9ToText\Num0-9ToText.csproj", "{B6B939A6-8D1D-4294-B667-AB71B5E245BD}"
EndProject
Global
	GlobalSection(SolutionConfigurationPlatforms) = preSolution
		Debug|Any CPU = Debug|Any CPU
		Release|Any CPU = Release|Any CPU
	EndGlobalSection
	GlobalSection(ProjectConfigurationPlatforms) = postSolution
		{B6B939A6-8D1D-4294-B667-AB71B5E245BD}.Debug|Any CPU.ActiveCfg = Debug|Any CPU
		{B6B939A6-8D1D-4294-B667-AB71B5E245BD}.Debug|Any CPU.Build.0 = Debug|Any CPU
		{B6B939A6-8D1D-4294-B667-AB71B5E245BD}.Release|Any CPU.ActiveCfg = Release|Any CPU
		{B6B939A6-8D1D-4294-B667-AB71B5E245BD}.Release|Any CPU.Build.0 = Release|Any CPU
	EndGlobalSection
	GlobalSection(SolutionProperties) = preSolution
		HideSolutionNode = FALSE
	EndGlobalSection
EndGlobal
